
Microsoft Visual Studio Solution File, Format Version 12.00
# Visual Studio 15
VisualStudioVersion = 15.0.26430.14
MinimumVisualStudioVersion = 10.0.40219.1
Project("{FAE04EC0-301F-11D3-BF4B-00C04F79EFBC}") = "TP2 Zoo", "TP2 Zoo\TP2 Zoo.csproj", "{D62B8978-F73B-4750-BAFA-19CC738B5493}"
EndProject
Global
	GlobalSection(SolutionConfigurationPlatforms) = preSolution
		Debug|Any CPU = Debug|Any CPU
		Release|Any CPU = Release|Any CPU
	EndGlobalSection
	GlobalSection(ProjectConfigurationPlatforms) = postSolution
		{D62B8978-F73B-4750-BAFA-19CC738B5493}.Debug|Any CPU.ActiveCfg = Debug|Any CPU
		{D62B8978-F73B-4750-BAFA-19CC738B5493}.Debug|Any CPU.Build.0 = Debug|Any CPU
		{D62B8978-F73B-4750-BAFA-19CC738B5493}.Release|Any CPU.ActiveCfg = Release|Any CPU
		{D62B8978-F73B-4750-BAFA-19CC738B5493}.Release|Any CPU.Build.0 = Release|Any CPU
	EndGlobalSection
	GlobalSection(SolutionProperties) = preSolution
		HideSolutionNode = FALSE
	EndGlobalSection
EndGlobal
